
Microsoft Visual Studio Solution File, Format Version 12.00
# Visual Studio 15
VisualStudioVersion = 15.0.28307.106
MinimumVisualStudioVersion = 10.0.40219.1
Project("{FAE04EC0-301F-11D3-BF4B-00C04F79EFBC}") = "BlogApp", "BlogApp\BlogApp.csproj", "{8D1C3F6F-D898-4292-80EB-AF498B0438C1}"
EndProject
Global
	GlobalSection(SolutionConfigurationPlatforms) = preSolution
		Debug|Any CPU = Debug|Any CPU
		Release|Any CPU = Release|Any CPU
	EndGlobalSection
	GlobalSection(ProjectConfigurationPlatforms) = postSolution
		{8D1C3F6F-D898-4292-80EB-AF498B0438C1}.Debug|Any CPU.ActiveCfg = Debug|Any CPU
		{8D1C3F6F-D898-4292-80EB-AF498B0438C1}.Debug|Any CPU.Build.0 = Debug|Any CPU
		{8D1C3F6F-D898-4292-80EB-AF498B0438C1}.Release|Any CPU.ActiveCfg = Release|Any CPU
		{8D1C3F6F-D898-4292-80EB-AF498B0438C1}.Release|Any CPU.Build.0 = Release|Any CPU
	EndGlobalSection
	GlobalSection(SolutionProperties) = preSolution
		HideSolutionNode = FALSE
	EndGlobalSection
	GlobalSection(ExtensibilityGlobals) = postSolution
		SolutionGuid = {1C018CAE-71E5-4580-95DD-F9A26D310344}
	EndGlobalSection
EndGlobal
